{
    "name": "bash.origin.workspace",
    "version": "0.2.58",
    "lockfileVersion": 1,
    "requires": true,
    "dependencies": {
        "bash.origin": {
            "version": "0.1.82",
            "resolved": "https://registry.npmjs.org/bash.origin/-/bash.origin-0.1.82.tgz",
            "integrity": "sha512-wRTf/UJd9qt6eCY+W0ySoGUN4RCh9CE3i7qEaBAqAlaOpaorxYSE38qaB8BNYqkTAzlQUWtK1qo4f4R9Z9NJDg=="
        }
    }
}
