{
    "name": "bash.origin.workspace",
    "version": "0.2.55",
    "lockfileVersion": 1,
    "requires": true,
    "dependencies": {
        "bash.origin": {
            "version": "0.1.81",
            "resolved": "https://registry.npmjs.org/bash.origin/-/bash.origin-0.1.81.tgz",
            "integrity": "sha512-cK+czu1XYXAmv0KqgIr9U9RhWtWc+LnLC0+qhjwQxo80fQ+HPOMoJ5Z5pVK9Z/azwz1p4kpBRHzYkF/VkFz1fQ=="
        }
    }
}
