{
    "name": "bash.origin.workspace",
    "version": "0.2.60",
    "lockfileVersion": 1,
    "requires": true,
    "dependencies": {
        "bash.origin": {
            "version": "0.1.83",
            "resolved": "https://registry.npmjs.org/bash.origin/-/bash.origin-0.1.83.tgz",
            "integrity": "sha512-eJJxuSC3nzZgM9bhADoPYHqwkRgYxyD4QaPvbAdzboN5q+TGxHN23TGS1gGjdfSdKDWU/FuKFVxuLa9BZCZDgw=="
        }
    }
}
